{
  "name": "next.js-theme-provider",
  "version": "0.0.0",
  "lockfileVersion": 3,
  "requires": true,
  "packages": {
    "": {
      "name": "next.js-theme-provider",
      "version": "0.0.0",
      "license": "MIT",
      "devDependencies": {
        "@total-typescript/tsconfig": "^1.0.4",
        "typescript": "^5.8.2"
      }
    },
    "node_modules/@total-typescript/tsconfig": {
      "version": "1.0.4",
      "resolved": "https://registry.npmjs.org/@total-typescript/tsconfig/-/tsconfig-1.0.4.tgz",
      "integrity": "sha512-fO4ctMPGz1kOFOQ4RCPBRBfMy3gDn+pegUfrGyUFRMv/Rd0ZM3/SHH3hFCYG4u6bPLG8OlmOGcBLDexvyr3A5w==",
      "dev": true,
      "license": "MIT"
    },
    "node_modules/typescript": {
      "version": "5.8.2",
      "resolved": "https://registry.npmjs.org/typescript/-/typescript-5.8.2.tgz",
      "integrity": "sha512-aJn6wq13/afZp/jT9QZmwEjDqqvSGp1VT5GVg+f/t6/oVyrgXM6BY1h9BRh/O5p3PlUPAe+WuiEZOmb/49RqoQ==",
      "dev": true,
      "license": "Apache-2.0",
      "bin": {
        "tsc": "bin/tsc",
        "tsserver": "bin/tsserver"
      },
      "engines": {
        "node": ">=14.17"
      }
    }
  }
}
